
Microsoft Visual Studio Solution File, Format Version 12.00
# Visual Studio Version 16
VisualStudioVersion = 16.0.30128.36
MinimumVisualStudioVersion = 10.0.40219.1
Project("{FAE04EC0-301F-11D3-BF4B-00C04F79EFBC}") = "kafkaProducer", "kafkaProducer\kafkaProducer.csproj", "{A5DD69F6-2AC3-4185-8D0D-9ABDC69F16F4}"
EndProject
Global
	GlobalSection(SolutionConfigurationPlatforms) = preSolution
		Debug|Any CPU = Debug|Any CPU
		Release|Any CPU = Release|Any CPU
	EndGlobalSection
	GlobalSection(ProjectConfigurationPlatforms) = postSolution
		{A5DD69F6-2AC3-4185-8D0D-9ABDC69F16F4}.Debug|Any CPU.ActiveCfg = Debug|Any CPU
		{A5DD69F6-2AC3-4185-8D0D-9ABDC69F16F4}.Debug|Any CPU.Build.0 = Debug|Any CPU
		{A5DD69F6-2AC3-4185-8D0D-9ABDC69F16F4}.Release|Any CPU.ActiveCfg = Release|Any CPU
		{A5DD69F6-2AC3-4185-8D0D-9ABDC69F16F4}.Release|Any CPU.Build.0 = Release|Any CPU
	EndGlobalSection
	GlobalSection(SolutionProperties) = preSolution
		HideSolutionNode = FALSE
	EndGlobalSection
	GlobalSection(ExtensibilityGlobals) = postSolution
		SolutionGuid = {56C693F7-14A5-4894-A6A2-D06372AFBC8F}
	EndGlobalSection
EndGlobal
